
Microsoft Visual Studio Solution File, Format Version 12.00
# Visual Studio Version 16
VisualStudioVersion = 16.0.29123.88
MinimumVisualStudioVersion = 10.0.40219.1
Project("{FAE04EC0-301F-11D3-BF4B-00C04F79EFBC}") = "WindowsPatchInstallerUI", "WindowsPatchInstallerUI\WindowsPatchInstallerUI.csproj", "{A8720615-7CA6-4003-8073-9FB4B2F08439}"
EndProject
Project("{FAE04EC0-301F-11D3-BF4B-00C04F79EFBC}") = "WindowsPatchInstallerUIUnitTest", "WindowsPatchInstallerUIUnitTest\WindowsPatchInstallerUIUnitTest.csproj", "{D5D8BEC8-69C3-4B8F-8B4D-5D8C2B4A8D87}"
EndProject
Global
	GlobalSection(SolutionConfigurationPlatforms) = preSolution
		Debug|Any CPU = Debug|Any CPU
		Release|Any CPU = Release|Any CPU
	EndGlobalSection
	GlobalSection(ProjectConfigurationPlatforms) = postSolution
		{A8720615-7CA6-4003-8073-9FB4B2F08439}.Debug|Any CPU.ActiveCfg = Debug|Any CPU
		{A8720615-7CA6-4003-8073-9FB4B2F08439}.Debug|Any CPU.Build.0 = Debug|Any CPU
		{A8720615-7CA6-4003-8073-9FB4B2F08439}.Release|Any CPU.ActiveCfg = Release|Any CPU
		{A8720615-7CA6-4003-8073-9FB4B2F08439}.Release|Any CPU.Build.0 = Release|Any CPU
		{D5D8BEC8-69C3-4B8F-8B4D-5D8C2B4A8D87}.Debug|Any CPU.ActiveCfg = Debug|Any CPU
		{D5D8BEC8-69C3-4B8F-8B4D-5D8C2B4A8D87}.Debug|Any CPU.Build.0 = Debug|Any CPU
		{D5D8BEC8-69C3-4B8F-8B4D-5D8C2B4A8D87}.Release|Any CPU.ActiveCfg = Release|Any CPU
		{D5D8BEC8-69C3-4B8F-8B4D-5D8C2B4A8D87}.Release|Any CPU.Build.0 = Release|Any CPU
	EndGlobalSection
	GlobalSection(SolutionProperties) = preSolution
		HideSolutionNode = FALSE
	EndGlobalSection
	GlobalSection(ExtensibilityGlobals) = postSolution
		SolutionGuid = {CDAE8D75-9B4D-4172-953F-36177AC9A291}
	EndGlobalSection
EndGlobal
